gitee.com/johng/gf v1.4.6 h1:11o8g13nvcwjsMsRRiR5IRHCnvmaQ2HbhH0agNE2+uQ=
gitee.com/johng/gf v1.4.6/go.mod h1:7cLZVPgr3ytDyzvBjfoXH1NgjLGkLy6JEeYLrpPjhRw=
github.com/modern-go/concurrent v0.0.0-20180306012644-bacd9c7ef1dd h1:TRLaZ9cD/w8PVh93nsPXa1VrQ6jlwL5oN8l14QlcNfg=
github.com/modern-go/concurrent v0.0.0-20180306012644-bacd9c7ef1dd/go.mod h1:6dJC0mAP4ikYIbvyc7fijjWJddQyLn8Ig3JB5CqoB9Q=
github.com/modern-go/reflect2 v1.0.1 h1:9f412s+6RmYXLWZSEzVVgPGK7C2PphHj5RJrvfx9AWI=
github.com/modern-go/reflect2 v1.0.1/go.mod h1:bx2lNnkwVCuqBIxFjflWJWanXIb3RllmbCylyMrvgv0=
github.com/valyala/fastrand v0.0.0-20170531153657-19dd0f0bf014 h1:wMIk7zCJy828JUr6OlYwXO11ijcXtEPDxoCaktP5p8w=
github.com/valyala/fastrand v0.0.0-20170531153657-19dd0f0bf014/go.mod h1:HWqCzkrkg6QXT8V2EXWvXCoow7vLwOFN002oeRzjapQ=
